
Microsoft Visual Studio Solution File, Format Version 12.00
# Visual Studio 15
VisualStudioVersion = 15.0.28010.2046
MinimumVisualStudioVersion = 10.0.40219.1
Project("{00D1A9C2-B5F0-4AF3-8072-F6C62B433612}") = "SQL_Server", "SQL_Server\SQL_Server.sqlproj", "{A95E82B8-A3F5-4FA7-8281-8164C12BDD8D}"
EndProject
Project("{2150E333-8FDC-42A3-9474-1A3956D46DE8}") = "Scripting", "Scripting", "{ED89AFF1-C421-4BF6-9516-F8B3858E264D}"
	ProjectSection(SolutionItems) = preProject
		Scripting\generate_headline.sql = Scripting\generate_headline.sql
		memory_consuption_db_and_objects.sql = memory_consuption_db_and_objects.sql
	EndProjectSection
EndProject
Global
	GlobalSection(SolutionConfigurationPlatforms) = preSolution
		Debug|Any CPU = Debug|Any CPU
		Release|Any CPU = Release|Any CPU
	EndGlobalSection
	GlobalSection(ProjectConfigurationPlatforms) = postSolution
		{A95E82B8-A3F5-4FA7-8281-8164C12BDD8D}.Debug|Any CPU.ActiveCfg = Debug|Any CPU
		{A95E82B8-A3F5-4FA7-8281-8164C12BDD8D}.Debug|Any CPU.Build.0 = Debug|Any CPU
		{A95E82B8-A3F5-4FA7-8281-8164C12BDD8D}.Debug|Any CPU.Deploy.0 = Debug|Any CPU
		{A95E82B8-A3F5-4FA7-8281-8164C12BDD8D}.Release|Any CPU.ActiveCfg = Release|Any CPU
		{A95E82B8-A3F5-4FA7-8281-8164C12BDD8D}.Release|Any CPU.Build.0 = Release|Any CPU
		{A95E82B8-A3F5-4FA7-8281-8164C12BDD8D}.Release|Any CPU.Deploy.0 = Release|Any CPU
	EndGlobalSection
	GlobalSection(SolutionProperties) = preSolution
		HideSolutionNode = FALSE
	EndGlobalSection
	GlobalSection(ExtensibilityGlobals) = postSolution
		SolutionGuid = {A6209369-FD23-402A-AE71-3C911DD47B94}
	EndGlobalSection
EndGlobal
