
Microsoft Visual Studio Solution File, Format Version 12.00
# Visual Studio 15
VisualStudioVersion = 15.0.28010.2046
MinimumVisualStudioVersion = 10.0.40219.1
Project("{00D1A9C2-B5F0-4AF3-8072-F6C62B433612}") = "SQL_Server", "SQL_Server\SQL_Server.sqlproj", "{A95E82B8-A3F5-4FA7-8281-8164C12BDD8D}"
EndProject
Project("{2150E333-8FDC-42A3-9474-1A3956D46DE8}") = "Scripting", "Scripting", "{ED89AFF1-C421-4BF6-9516-F8B3858E264D}"
	ProjectSection(SolutionItems) = preProject
		Scripting\backup_history.sql = Scripting\backup_history.sql
		Scripting\db_blocks.sql = Scripting\db_blocks.sql
		Scripting\disk_free_space.sql = Scripting\disk_free_space.sql
		Scripting\generate_headline.sql = Scripting\generate_headline.sql
		Scripting\memory_consuption_db_and_objects.sql = Scripting\memory_consuption_db_and_objects.sql
		Scripting\partitions_with_borders.sql = Scripting\partitions_with_borders.sql
		Scripting\server_filestats.sql = Scripting\server_filestats.sql
		Scripting\session_stats.sql = Scripting\session_stats.sql
		Scripting\sp_who3.sql = Scripting\sp_who3.sql
		Scripting\SSIS_packages_times.sql = Scripting\SSIS_packages_times.sql
		Scripting\statistics_to_update.sql = Scripting\statistics_to_update.sql
		Scripting\tempDB_stats_after_session.sql = Scripting\tempDB_stats_after_session.sql
		Scripting\update_view_table_stats_with_nested.sql = Scripting\update_view_table_stats_with_nested.sql
		Scripting\wait_types_stats.sql = Scripting\wait_types_stats.sql
	EndProjectSection
EndProject
Global
	GlobalSection(SolutionConfigurationPlatforms) = preSolution
		Debug|Any CPU = Debug|Any CPU
		Release|Any CPU = Release|Any CPU
	EndGlobalSection
	GlobalSection(ProjectConfigurationPlatforms) = postSolution
		{A95E82B8-A3F5-4FA7-8281-8164C12BDD8D}.Debug|Any CPU.ActiveCfg = Debug|Any CPU
		{A95E82B8-A3F5-4FA7-8281-8164C12BDD8D}.Debug|Any CPU.Build.0 = Debug|Any CPU
		{A95E82B8-A3F5-4FA7-8281-8164C12BDD8D}.Debug|Any CPU.Deploy.0 = Debug|Any CPU
		{A95E82B8-A3F5-4FA7-8281-8164C12BDD8D}.Release|Any CPU.ActiveCfg = Release|Any CPU
		{A95E82B8-A3F5-4FA7-8281-8164C12BDD8D}.Release|Any CPU.Build.0 = Release|Any CPU
		{A95E82B8-A3F5-4FA7-8281-8164C12BDD8D}.Release|Any CPU.Deploy.0 = Release|Any CPU
	EndGlobalSection
	GlobalSection(SolutionProperties) = preSolution
		HideSolutionNode = FALSE
	EndGlobalSection
	GlobalSection(ExtensibilityGlobals) = postSolution
		SolutionGuid = {A6209369-FD23-402A-AE71-3C911DD47B94}
	EndGlobalSection
EndGlobal
